
Microsoft Visual Studio Solution File, Format Version 12.00
# Visual Studio Version 16
VisualStudioVersion = 16.0.810.14
MinimumVisualStudioVersion = 10.0.40219.1
Project("{FAE04EC0-301F-11D3-BF4B-00C04F79EFBC}") = "Minesweeper", "Minesweeper\Minesweeper.csproj", "{A84B1BA6-3358-403C-A30A-7FA412B97B0C}"
EndProject
Project("{FAE04EC0-301F-11D3-BF4B-00C04F79EFBC}") = "Minesweeper.Core", "Minesweeper.Core\Minesweeper.Core.csproj", "{9DAFA727-1390-446B-8793-DA7613B9D918}"
EndProject
Global
	GlobalSection(SolutionConfigurationPlatforms) = preSolution
		Debug|Any CPU = Debug|Any CPU
		Release|Any CPU = Release|Any CPU
	EndGlobalSection
	GlobalSection(ProjectConfigurationPlatforms) = postSolution
		{A84B1BA6-3358-403C-A30A-7FA412B97B0C}.Debug|Any CPU.ActiveCfg = Debug|Any CPU
		{A84B1BA6-3358-403C-A30A-7FA412B97B0C}.Debug|Any CPU.Build.0 = Debug|Any CPU
		{A84B1BA6-3358-403C-A30A-7FA412B97B0C}.Release|Any CPU.ActiveCfg = Release|Any CPU
		{A84B1BA6-3358-403C-A30A-7FA412B97B0C}.Release|Any CPU.Build.0 = Release|Any CPU
		{9DAFA727-1390-446B-8793-DA7613B9D918}.Debug|Any CPU.ActiveCfg = Debug|Any CPU
		{9DAFA727-1390-446B-8793-DA7613B9D918}.Debug|Any CPU.Build.0 = Debug|Any CPU
		{9DAFA727-1390-446B-8793-DA7613B9D918}.Release|Any CPU.ActiveCfg = Release|Any CPU
		{9DAFA727-1390-446B-8793-DA7613B9D918}.Release|Any CPU.Build.0 = Release|Any CPU
	EndGlobalSection
	GlobalSection(SolutionProperties) = preSolution
		HideSolutionNode = FALSE
	EndGlobalSection
	GlobalSection(ExtensibilityGlobals) = postSolution
		SolutionGuid = {43068278-8CAD-4C5B-AEEE-7825BBCDFB71}
	EndGlobalSection
EndGlobal
